// !$*UTF8*$!
{
	archiveVersion = 1;
	classes = {
	};
	objectVersion = 56;
	objects = {

/* Begin PBXBuildFile section */
		D27DFDC82CB527BB0029B9CB /* BoulderPredictor.mlmodel in Sources */ = {isa = PBXBuildFile; fileRef = D27DFDC72CB527BB0029B9CB /* BoulderPredictor.mlmodel */; };
		D27DFDCB2CB527CD0029B9CB /* means.txt in Resources */ = {isa = PBXBuildFile; fileRef = D27DFDC92CB527CD0029B9CB /* means.txt */; };
		D27DFDCC2CB527CD0029B9CB /* stdDev.txt in Resources */ = {isa = PBXBuildFile; fileRef = D27DFDCA2CB527CD0029B9CB /* stdDev.txt */; };
		D29178AC2CAA9EB9002A191C /* Boulder_PredictionApp.swift in Sources */ = {isa = PBXBuildFile; fileRef = D29178AB2CAA9EB9002A191C /* Boulder_PredictionApp.swift */; };
		D29178AE2CAA9EB9002A191C /* ContentView.swift in Sources */ = {isa = PBXBuildFile; fileRef = D29178AD2CAA9EB9002A191C /* ContentView.swift */; };
		D29178B02CAA9EBA002A191C /* Assets.xcassets in Resources */ = {isa = PBXBuildFile; fileRef = D29178AF2CAA9EBA002A191C /* Assets.xcassets */; };
		D29178B32CAA9EBA002A191C /* Preview Assets.xcassets in Resources */ = {isa = PBXBuildFile; fileRef = D29178B22CAA9EBA002A191C /* Preview Assets.xcassets */; };
		D29178BD2CAAA1A7002A191C /* MotionManager.swift in Sources */ = {isa = PBXBuildFile; fileRef = D29178BC2CAAA1A7002A191C /* MotionManager.swift */; };
		D29178BF2CAAA409002A191C /* VM.swift in Sources */ = {isa = PBXBuildFile; fileRef = D29178BE2CAAA409002A191C /* VM.swift */; };
		D2D222042CB0395400D3DA95 /* StandardScaler.swift in Sources */ = {isa = PBXBuildFile; fileRef = D2D222032CB0395400D3DA95 /* StandardScaler.swift */; };
		D2D2220E2CB04F0600D3DA95 /* Extractor.swift in Sources */ = {isa = PBXBuildFile; fileRef = D2D2220D2CB04F0600D3DA95 /* Extractor.swift */; };
		D2D222112CB04F2000D3DA95 /* Signal.swift in Sources */ = {isa = PBXBuildFile; fileRef = D2D2220F2CB04F2000D3DA95 /* Signal.swift */; };
		D2D222122CB04F2000D3DA95 /* Sample.swift in Sources */ = {isa = PBXBuildFile; fileRef = D2D222102CB04F2000D3DA95 /* Sample.swift */; };
/* End PBXBuildFile section */

/* Begin PBXFileReference section */
		D27DFDC72CB527BB0029B9CB /* BoulderPredictor.mlmodel */ = {isa = PBXFileReference; lastKnownFileType = file.mlmodel; path = BoulderPredictor.mlmodel; sourceTree = "<group>"; };
		D27DFDC92CB527CD0029B9CB /* means.txt */ = {isa = PBXFileReference; fileEncoding = 4; lastKnownFileType = text; name = means.txt; path = ../../../../../../../Downloads/means.txt; sourceTree = "<group>"; };
		D27DFDCA2CB527CD0029B9CB /* stdDev.txt */ = {isa = PBXFileReference; fileEncoding = 4; lastKnownFileType = text; name = stdDev.txt; path = ../../../../../../../Downloads/stdDev.txt; sourceTree = "<group>"; };
		D29178A82CAA9EB9002A191C /* Boulder Prediction.app */ = {isa = PBXFileReference; explicitFileType = wrapper.application; includeInIndex = 0; path = "Boulder Prediction.app"; sourceTree = BUILT_PRODUCTS_DIR; };
		D29178AB2CAA9EB9002A191C /* Boulder_PredictionApp.swift */ = {isa = PBXFileReference; lastKnownFileType = sourcecode.swift; path = Boulder_PredictionApp.swift; sourceTree = "<group>"; };
		D29178AD2CAA9EB9002A191C /* ContentView.swift */ = {isa = PBXFileReference; lastKnownFileType = sourcecode.swift; path = ContentView.swift; sourceTree = "<group>"; };
		D29178AF2CAA9EBA002A191C /* Assets.xcassets */ = {isa = PBXFileReference; lastKnownFileType = folder.assetcatalog; path = Assets.xcassets; sourceTree = "<group>"; };
		D29178B22CAA9EBA002A191C /* Preview Assets.xcassets */ = {isa = PBXFileReference; lastKnownFileType = folder.assetcatalog; path = "Preview Assets.xcassets"; sourceTree = "<group>"; };
		D29178BC2CAAA1A7002A191C /* MotionManager.swift */ = {isa = PBXFileReference; fileEncoding = 4; lastKnownFileType = sourcecode.swift; path = MotionManager.swift; sourceTree = "<group>"; };
		D29178BE2CAAA409002A191C /* VM.swift */ = {isa = PBXFileReference; lastKnownFileType = sourcecode.swift; path = VM.swift; sourceTree = "<group>"; };
		D2D222032CB0395400D3DA95 /* StandardScaler.swift */ = {isa = PBXFileReference; lastKnownFileType = sourcecode.swift; path = StandardScaler.swift; sourceTree = "<group>"; };
		D2D2220D2CB04F0600D3DA95 /* Extractor.swift */ = {isa = PBXFileReference; fileEncoding = 4; lastKnownFileType = sourcecode.swift; path = Extractor.swift; sourceTree = "<group>"; };
		D2D2220F2CB04F2000D3DA95 /* Signal.swift */ = {isa = PBXFileReference; fileEncoding = 4; lastKnownFileType = sourcecode.swift; path = Signal.swift; sourceTree = "<group>"; };
		D2D222102CB04F2000D3DA95 /* Sample.swift */ = {isa = PBXFileReference; fileEncoding = 4; lastKnownFileType = sourcecode.swift; path = Sample.swift; sourceTree = "<group>"; };
/* End PBXFileReference section */

/* Begin PBXFrameworksBuildPhase section */
		D29178A52CAA9EB9002A191C /* Frameworks */ = {
			isa = PBXFrameworksBuildPhase;
			buildActionMask = 2147483647;
			files = (
			);
			runOnlyForDeploymentPostprocessing = 0;
		};
/* End PBXFrameworksBuildPhase section */

/* Begin PBXGroup section */
		D291789F2CAA9EB9002A191C = {
			isa = PBXGroup;
			children = (
				D29178AA2CAA9EB9002A191C /* Boulder Prediction */,
				D29178A92CAA9EB9002A191C /* Products */,
			);
			sourceTree = "<group>";
		};
		D29178A92CAA9EB9002A191C /* Products */ = {
			isa = PBXGroup;
			children = (
				D29178A82CAA9EB9002A191C /* Boulder Prediction.app */,
			);
			name = Products;
			sourceTree = "<group>";
		};
		D29178AA2CAA9EB9002A191C /* Boulder Prediction */ = {
			isa = PBXGroup;
			children = (
				D2D221FE2CB0377C00D3DA95 /* ML */,
				D29178BB2CAAA129002A191C /* Model */,
				D29178BA2CAAA11F002A191C /* ViewModel */,
				D29178B92CAAA11A002A191C /* View */,
				D29178AB2CAA9EB9002A191C /* Boulder_PredictionApp.swift */,
				D29178AD2CAA9EB9002A191C /* ContentView.swift */,
				D29178AF2CAA9EBA002A191C /* Assets.xcassets */,
				D29178B12CAA9EBA002A191C /* Preview Content */,
			);
			path = "Boulder Prediction";
			sourceTree = "<group>";
		};
		D29178B12CAA9EBA002A191C /* Preview Content */ = {
			isa = PBXGroup;
			children = (
				D29178B22CAA9EBA002A191C /* Preview Assets.xcassets */,
			);
			path = "Preview Content";
			sourceTree = "<group>";
		};
		D29178B92CAAA11A002A191C /* View */ = {
			isa = PBXGroup;
			children = (
			);
			path = View;
			sourceTree = "<group>";
		};
		D29178BA2CAAA11F002A191C /* ViewModel */ = {
			isa = PBXGroup;
			children = (
				D2D222032CB0395400D3DA95 /* StandardScaler.swift */,
				D2D2220D2CB04F0600D3DA95 /* Extractor.swift */,
				D29178BE2CAAA409002A191C /* VM.swift */,
			);
			path = ViewModel;
			sourceTree = "<group>";
		};
		D29178BB2CAAA129002A191C /* Model */ = {
			isa = PBXGroup;
			children = (
				D2D222102CB04F2000D3DA95 /* Sample.swift */,
				D2D2220F2CB04F2000D3DA95 /* Signal.swift */,
				D29178BC2CAAA1A7002A191C /* MotionManager.swift */,
			);
			path = Model;
			sourceTree = "<group>";
		};
		D2D221FE2CB0377C00D3DA95 /* ML */ = {
			isa = PBXGroup;
			children = (
				D27DFDC92CB527CD0029B9CB /* means.txt */,
				D27DFDCA2CB527CD0029B9CB /* stdDev.txt */,
				D27DFDC72CB527BB0029B9CB /* BoulderPredictor.mlmodel */,
			);
			path = ML;
			sourceTree = "<group>";
		};
/* End PBXGroup section */

/* Begin PBXNativeTarget section */
		D29178A72CAA9EB9002A191C /* Boulder Prediction */ = {
			isa = PBXNativeTarget;
			buildConfigurationList = D29178B62CAA9EBA002A191C /* Build configuration list for PBXNativeTarget "Boulder Prediction" */;
			buildPhases = (
				D29178A42CAA9EB9002A191C /* Sources */,
				D29178A52CAA9EB9002A191C /* Frameworks */,
				D29178A62CAA9EB9002A191C /* Resources */,
			);
			buildRules = (
			);
			dependencies = (
			);
			name = "Boulder Prediction";
			productName = "Boulder Prediction";
			productReference = D29178A82CAA9EB9002A191C /* Boulder Prediction.app */;
			productType = "com.apple.product-type.application";
		};
/* End PBXNativeTarget section */

/* Begin PBXProject section */
		D29178A02CAA9EB9002A191C /* Project object */ = {
			isa = PBXProject;
			attributes = {
				BuildIndependentTargetsInParallel = 1;
				LastSwiftUpdateCheck = 1540;
				LastUpgradeCheck = 1540;
				TargetAttributes = {
					D29178A72CAA9EB9002A191C = {
						CreatedOnToolsVersion = 15.4;
					};
				};
			};
			buildConfigurationList = D29178A32CAA9EB9002A191C /* Build configuration list for PBXProject "Boulder Prediction" */;
			compatibilityVersion = "Xcode 14.0";
			developmentRegion = en;
			hasScannedForEncodings = 0;
			knownRegions = (
				en,
				Base,
			);
			mainGroup = D291789F2CAA9EB9002A191C;
			productRefGroup = D29178A92CAA9EB9002A191C /* Products */;
			projectDirPath = "";
			projectRoot = "";
			targets = (
				D29178A72CAA9EB9002A191C /* Boulder Prediction */,
			);
		};
/* End PBXProject section */

/* Begin PBXResourcesBuildPhase section */
		D29178A62CAA9EB9002A191C /* Resources */ = {
			isa = PBXResourcesBuildPhase;
			buildActionMask = 2147483647;
			files = (
				D27DFDCB2CB527CD0029B9CB /* means.txt in Resources */,
				D29178B32CAA9EBA002A191C /* Preview Assets.xcassets in Resources */,
				D27DFDCC2CB527CD0029B9CB /* stdDev.txt in Resources */,
				D29178B02CAA9EBA002A191C /* Assets.xcassets in Resources */,
			);
			runOnlyForDeploymentPostprocessing = 0;
		};
/* End PBXResourcesBuildPhase section */

/* Begin PBXSourcesBuildPhase section */
		D29178A42CAA9EB9002A191C /* Sources */ = {
			isa = PBXSourcesBuildPhase;
			buildActionMask = 2147483647;
			files = (
				D2D2220E2CB04F0600D3DA95 /* Extractor.swift in Sources */,
				D2D222122CB04F2000D3DA95 /* Sample.swift in Sources */,
				D29178AE2CAA9EB9002A191C /* ContentView.swift in Sources */,
				D29178BD2CAAA1A7002A191C /* MotionManager.swift in Sources */,
				D2D222042CB0395400D3DA95 /* StandardScaler.swift in Sources */,
				D27DFDC82CB527BB0029B9CB /* BoulderPredictor.mlmodel in Sources */,
				D2D222112CB04F2000D3DA95 /* Signal.swift in Sources */,
				D29178BF2CAAA409002A191C /* VM.swift in Sources */,
				D29178AC2CAA9EB9002A191C /* Boulder_PredictionApp.swift in Sources */,
			);
			runOnlyForDeploymentPostprocessing = 0;
		};
/* End PBXSourcesBuildPhase section */

/* Begin XCBuildConfiguration section */
		D29178B42CAA9EBA002A191C /* Debug */ = {
			isa = XCBuildConfiguration;
			buildSettings = {
				ALWAYS_SEARCH_USER_PATHS = NO;
				ASSETCATALOG_COMPILER_GENERATE_SWIFT_ASSET_SYMBOL_EXTENSIONS = YES;
				CLANG_ANALYZER_NONNULL = YES;
				CLANG_ANALYZER_NUMBER_OBJECT_CONVERSION = YES_AGGRESSIVE;
				CLANG_CXX_LANGUAGE_STANDARD = "gnu++20";
				CLANG_ENABLE_MODULES = YES;
				CLANG_ENABLE_OBJC_ARC = YES;
				CLANG_ENABLE_OBJC_WEAK = YES;
				CLANG_WARN_BLOCK_CAPTURE_AUTORELEASING = YES;
				CLANG_WARN_BOOL_CONVERSION = YES;
				CLANG_WARN_COMMA = YES;
				CLANG_WARN_CONSTANT_CONVERSION = YES;
				CLANG_WARN_DEPRECATED_OBJC_IMPLEMENTATIONS = YES;
				CLANG_WARN_DIRECT_OBJC_ISA_USAGE = YES_ERROR;
				CLANG_WARN_DOCUMENTATION_COMMENTS = YES;
				CLANG_WARN_EMPTY_BODY = YES;
				CLANG_WARN_ENUM_CONVERSION = YES;
				CLANG_WARN_INFINITE_RECURSION = YES;
				CLANG_WARN_INT_CONVERSION = YES;
				CLANG_WARN_NON_LITERAL_NULL_CONVERSION = YES;
				CLANG_WARN_OBJC_IMPLICIT_RETAIN_SELF = YES;
				CLANG_WARN_OBJC_LITERAL_CONVERSION = YES;
				CLANG_WARN_OBJC_ROOT_CLASS = YES_ERROR;
				CLANG_WARN_QUOTED_INCLUDE_IN_FRAMEWORK_HEADER = YES;
				CLANG_WARN_RANGE_LOOP_ANALYSIS = YES;
				CLANG_WARN_STRICT_PROTOTYPES = YES;
				CLANG_WARN_SUSPICIOUS_MOVE = YES;
				CLANG_WARN_UNGUARDED_AVAILABILITY = YES_AGGRESSIVE;
				CLANG_WARN_UNREACHABLE_CODE = YES;
				CLANG_WARN__DUPLICATE_METHOD_MATCH = YES;
				COPY_PHASE_STRIP = NO;
				DEBUG_INFORMATION_FORMAT = dwarf;
				ENABLE_STRICT_OBJC_MSGSEND = YES;
				ENABLE_TESTABILITY = YES;
				ENABLE_USER_SCRIPT_SANDBOXING = YES;
				GCC_C_LANGUAGE_STANDARD = gnu17;
				GCC_DYNAMIC_NO_PIC = NO;
				GCC_NO_COMMON_BLOCKS = YES;
				GCC_OPTIMIZATION_LEVEL = 0;
				GCC_PREPROCESSOR_DEFINITIONS = (
					"DEBUG=1",
					"$(inherited)",
				);
				GCC_WARN_64_TO_32_BIT_CONVERSION = YES;
				GCC_WARN_ABOUT_RETURN_TYPE = YES_ERROR;
				GCC_WARN_UNDECLARED_SELECTOR = YES;
				GCC_WARN_UNINITIALIZED_AUTOS = YES_AGGRESSIVE;
				GCC_WARN_UNUSED_FUNCTION = YES;
				GCC_WARN_UNUSED_VARIABLE = YES;
				IPHONEOS_DEPLOYMENT_TARGET = 17.5;
				LOCALIZATION_PREFERS_STRING_CATALOGS = YES;
				MTL_ENABLE_DEBUG_INFO = INCLUDE_SOURCE;
				MTL_FAST_MATH = YES;
				ONLY_ACTIVE_ARCH = YES;
				SDKROOT = iphoneos;
				SWIFT_ACTIVE_COMPILATION_CONDITIONS = "DEBUG $(inherited)";
				SWIFT_OPTIMIZATION_LEVEL = "-Onone";
			};
			name = Debug;
		};
		D29178B52CAA9EBA002A191C /* Release */ = {
			isa = XCBuildConfiguration;
			buildSettings = {
				ALWAYS_SEARCH_USER_PATHS = NO;
				ASSETCATALOG_COMPILER_GENERATE_SWIFT_ASSET_SYMBOL_EXTENSIONS = YES;
				CLANG_ANALYZER_NONNULL = YES;
				CLANG_ANALYZER_NUMBER_OBJECT_CONVERSION = YES_AGGRESSIVE;
				CLANG_CXX_LANGUAGE_STANDARD = "gnu++20";
				CLANG_ENABLE_MODULES = YES;
				CLANG_ENABLE_OBJC_ARC = YES;
				CLANG_ENABLE_OBJC_WEAK = YES;
				CLANG_WARN_BLOCK_CAPTURE_AUTORELEASING = YES;
				CLANG_WARN_BOOL_CONVERSION = YES;
				CLANG_WARN_COMMA = YES;
				CLANG_WARN_CONSTANT_CONVERSION = YES;
				CLANG_WARN_DEPRECATED_OBJC_IMPLEMENTATIONS = YES;
				CLANG_WARN_DIRECT_OBJC_ISA_USAGE = YES_ERROR;
				CLANG_WARN_DOCUMENTATION_COMMENTS = YES;
				CLANG_WARN_EMPTY_BODY = YES;
				CLANG_WARN_ENUM_CONVERSION = YES;
				CLANG_WARN_INFINITE_RECURSION = YES;
				CLANG_WARN_INT_CONVERSION = YES;
				CLANG_WARN_NON_LITERAL_NULL_CONVERSION = YES;
				CLANG_WARN_OBJC_IMPLICIT_RETAIN_SELF = YES;
				CLANG_WARN_OBJC_LITERAL_CONVERSION = YES;
				CLANG_WARN_OBJC_ROOT_CLASS = YES_ERROR;
				CLANG_WARN_QUOTED_INCLUDE_IN_FRAMEWORK_HEADER = YES;
				CLANG_WARN_RANGE_LOOP_ANALYSIS = YES;
				CLANG_WARN_STRICT_PROTOTYPES = YES;
				CLANG_WARN_SUSPICIOUS_MOVE = YES;
				CLANG_WARN_UNGUARDED_AVAILABILITY = YES_AGGRESSIVE;
				CLANG_WARN_UNREACHABLE_CODE = YES;
				CLANG_WARN__DUPLICATE_METHOD_MATCH = YES;
				COPY_PHASE_STRIP = NO;
				DEBUG_INFORMATION_FORMAT = "dwarf-with-dsym";
				ENABLE_NS_ASSERTIONS = NO;
				ENABLE_STRICT_OBJC_MSGSEND = YES;
				ENABLE_USER_SCRIPT_SANDBOXING = YES;
				GCC_C_LANGUAGE_STANDARD = gnu17;
				GCC_NO_COMMON_BLOCKS = YES;
				GCC_WARN_64_TO_32_BIT_CONVERSION = YES;
				GCC_WARN_ABOUT_RETURN_TYPE = YES_ERROR;
				GCC_WARN_UNDECLARED_SELECTOR = YES;
				GCC_WARN_UNINITIALIZED_AUTOS = YES_AGGRESSIVE;
				GCC_WARN_UNUSED_FUNCTION = YES;
				GCC_WARN_UNUSED_VARIABLE = YES;
				IPHONEOS_DEPLOYMENT_TARGET = 17.5;
				LOCALIZATION_PREFERS_STRING_CATALOGS = YES;
				MTL_ENABLE_DEBUG_INFO = NO;
				MTL_FAST_MATH = YES;
				SDKROOT = iphoneos;
				SWIFT_COMPILATION_MODE = wholemodule;
				VALIDATE_PRODUCT = YES;
			};
			name = Release;
		};
		D29178B72CAA9EBA002A191C /* Debug */ = {
			isa = XCBuildConfiguration;
			buildSettings = {
				ASSETCATALOG_COMPILER_APPICON_NAME = AppIcon;
				ASSETCATALOG_COMPILER_GLOBAL_ACCENT_COLOR_NAME = AccentColor;
				CODE_SIGN_STYLE = Automatic;
				CURRENT_PROJECT_VERSION = 1;
				DEVELOPMENT_ASSET_PATHS = "\"Boulder Prediction/Preview Content\"";
				DEVELOPMENT_TEAM = 9XRA23Q44P;
				ENABLE_PREVIEWS = YES;
				GENERATE_INFOPLIST_FILE = YES;
				INFOPLIST_KEY_UIApplicationSceneManifest_Generation = YES;
				INFOPLIST_KEY_UIApplicationSupportsIndirectInputEvents = YES;
				INFOPLIST_KEY_UILaunchScreen_Generation = YES;
				INFOPLIST_KEY_UISupportedInterfaceOrientations_iPad = "UIInterfaceOrientationPortrait UIInterfaceOrientationPortraitUpsideDown UIInterfaceOrientationLandscapeLeft UIInterfaceOrientationLandscapeRight";
				INFOPLIST_KEY_UISupportedInterfaceOrientations_iPhone = "UIInterfaceOrientationPortrait UIInterfaceOrientationLandscapeLeft UIInterfaceOrientationLandscapeRight";
				LD_RUNPATH_SEARCH_PATHS = (
					"$(inherited)",
					"@executable_path/Frameworks",
				);
				MARKETING_VERSION = 1.0;
				PRODUCT_BUNDLE_IDENTIFIER = "main.Boulder-Prediction";
				PRODUCT_NAME = "$(TARGET_NAME)";
				SWIFT_EMIT_LOC_STRINGS = YES;
				SWIFT_VERSION = 5.0;
				TARGETED_DEVICE_FAMILY = "1,2";
			};
			name = Debug;
		};
		D29178B82CAA9EBA002A191C /* Release */ = {
			isa = XCBuildConfiguration;
			buildSettings = {
				ASSETCATALOG_COMPILER_APPICON_NAME = AppIcon;
				ASSETCATALOG_COMPILER_GLOBAL_ACCENT_COLOR_NAME = AccentColor;
				CODE_SIGN_STYLE = Automatic;
				CURRENT_PROJECT_VERSION = 1;
				DEVELOPMENT_ASSET_PATHS = "\"Boulder Prediction/Preview Content\"";
				DEVELOPMENT_TEAM = 9XRA23Q44P;
				ENABLE_PREVIEWS = YES;
				GENERATE_INFOPLIST_FILE = YES;
				INFOPLIST_KEY_UIApplicationSceneManifest_Generation = YES;
				INFOPLIST_KEY_UIApplicationSupportsIndirectInputEvents = YES;
				INFOPLIST_KEY_UILaunchScreen_Generation = YES;
				INFOPLIST_KEY_UISupportedInterfaceOrientations_iPad = "UIInterfaceOrientationPortrait UIInterfaceOrientationPortraitUpsideDown UIInterfaceOrientationLandscapeLeft UIInterfaceOrientationLandscapeRight";
				INFOPLIST_KEY_UISupportedInterfaceOrientations_iPhone = "UIInterfaceOrientationPortrait UIInterfaceOrientationLandscapeLeft UIInterfaceOrientationLandscapeRight";
				LD_RUNPATH_SEARCH_PATHS = (
					"$(inherited)",
					"@executable_path/Frameworks",
				);
				MARKETING_VERSION = 1.0;
				PRODUCT_BUNDLE_IDENTIFIER = "main.Boulder-Prediction";
				PRODUCT_NAME = "$(TARGET_NAME)";
				SWIFT_EMIT_LOC_STRINGS = YES;
				SWIFT_VERSION = 5.0;
				TARGETED_DEVICE_FAMILY = "1,2";
			};
			name = Release;
		};
/* End XCBuildConfiguration section */

/* Begin XCConfigurationList section */
		D29178A32CAA9EB9002A191C /* Build configuration list for PBXProject "Boulder Prediction" */ = {
			isa = XCConfigurationList;
			buildConfigurations = (
				D29178B42CAA9EBA002A191C /* Debug */,
				D29178B52CAA9EBA002A191C /* Release */,
			);
			defaultConfigurationIsVisible = 0;
			defaultConfigurationName = Release;
		};
		D29178B62CAA9EBA002A191C /* Build configuration list for PBXNativeTarget "Boulder Prediction" */ = {
			isa = XCConfigurationList;
			buildConfigurations = (
				D29178B72CAA9EBA002A191C /* Debug */,
				D29178B82CAA9EBA002A191C /* Release */,
			);
			defaultConfigurationIsVisible = 0;
			defaultConfigurationName = Release;
		};
/* End XCConfigurationList section */
	};
	rootObject = D29178A02CAA9EB9002A191C /* Project object */;
}
